
Microsoft Visual Studio Solution File, Format Version 12.00
# Visual Studio Version 16
VisualStudioVersion = 16.0.30621.155
MinimumVisualStudioVersion = 10.0.40219.1
Project("{FAE04EC0-301F-11D3-BF4B-00C04F79EFBC}") = "HI.VisacomUI", "HI.VisacomUI\HI.VisacomUI.csproj", "{5EA299FE-4939-4E64-B496-7CFE3AC74C6A}"
EndProject
Global
	GlobalSection(SolutionConfigurationPlatforms) = preSolution
		Debug|Any CPU = Debug|Any CPU
		Release|Any CPU = Release|Any CPU
	EndGlobalSection
	GlobalSection(ProjectConfigurationPlatforms) = postSolution
		{5EA299FE-4939-4E64-B496-7CFE3AC74C6A}.Debug|Any CPU.ActiveCfg = Debug|Any CPU
		{5EA299FE-4939-4E64-B496-7CFE3AC74C6A}.Debug|Any CPU.Build.0 = Debug|Any CPU
		{5EA299FE-4939-4E64-B496-7CFE3AC74C6A}.Release|Any CPU.ActiveCfg = Release|Any CPU
		{5EA299FE-4939-4E64-B496-7CFE3AC74C6A}.Release|Any CPU.Build.0 = Release|Any CPU
	EndGlobalSection
	GlobalSection(SolutionProperties) = preSolution
		HideSolutionNode = FALSE
	EndGlobalSection
	GlobalSection(ExtensibilityGlobals) = postSolution
		SolutionGuid = {D044B408-B566-4559-8D2A-A90F3CB2360B}
	EndGlobalSection
EndGlobal
